// !$*UTF8*$!
{
	archiveVersion = 1;
	classes = {
	};
	objectVersion = 48;
	objects = {

/* Begin PBXBuildFile section */
		400B9C622033404D00C291A6 /* serpente.png in Resources */ = {isa = PBXBuildFile; fileRef = 400B9C612033404D00C291A6 /* serpente.png */; };
		400B9C64203341C100C291A6 /* Snaker.storyboard in Resources */ = {isa = PBXBuildFile; fileRef = 400B9C63203341C100C291A6 /* Snaker.storyboard */; };
		40A37CBF203A2A250074ED37 /* SoundsTrainer.storyboard in Resources */ = {isa = PBXBuildFile; fileRef = 40A37CBE203A2A250074ED37 /* SoundsTrainer.storyboard */; };
		40A37CC1203A2A400074ED37 /* SoundsTrainerViewController.swift in Sources */ = {isa = PBXBuildFile; fileRef = 40A37CC0203A2A400074ED37 /* SoundsTrainerViewController.swift */; };
		40A37CC3203A2A610074ED37 /* esseSpezzata.m4a in Resources */ = {isa = PBXBuildFile; fileRef = 40A37CC2203A2A600074ED37 /* esseSpezzata.m4a */; };
		40A37CC4203A2A610074ED37 /* esseSpezzata.m4a in Resources */ = {isa = PBXBuildFile; fileRef = 40A37CC2203A2A600074ED37 /* esseSpezzata.m4a */; };
		40A37CC5203A2A610074ED37 /* esseSpezzata.m4a in Resources */ = {isa = PBXBuildFile; fileRef = 40A37CC2203A2A600074ED37 /* esseSpezzata.m4a */; };
		40A37CC7203A2A670074ED37 /* affricataSorda.m4a in Resources */ = {isa = PBXBuildFile; fileRef = 40A37CC6203A2A660074ED37 /* affricataSorda.m4a */; };
		40A37CC8203A2A670074ED37 /* affricataSorda.m4a in Resources */ = {isa = PBXBuildFile; fileRef = 40A37CC6203A2A660074ED37 /* affricataSorda.m4a */; };
		40A37CC9203A2A670074ED37 /* affricataSorda.m4a in Resources */ = {isa = PBXBuildFile; fileRef = 40A37CC6203A2A660074ED37 /* affricataSorda.m4a */; };
		40F9116E2031DC8D009F6961 /* (null) in Resources */ = {isa = PBXBuildFile; };
		40F911702031DCD1009F6961 /* SnakerViewController.swift in Sources */ = {isa = PBXBuildFile; fileRef = 40F9116F2031DCD1009F6961 /* SnakerViewController.swift */; };
		40F911722031DCFC009F6961 /* s sound.m4a in Resources */ = {isa = PBXBuildFile; fileRef = 40F911712031DCFC009F6961 /* s sound.m4a */; };
		6F4C7F81203B544600E1755B /* noWordGeneratorTableViewCell.swift in Sources */ = {isa = PBXBuildFile; fileRef = 6F4C7F80203B544600E1755B /* noWordGeneratorTableViewCell.swift */; };
		6F6CD92E203356B500BABC3F /* ShowNoWordsViewController.swift in Sources */ = {isa = PBXBuildFile; fileRef = 6F6CD92D203356B500BABC3F /* ShowNoWordsViewController.swift */; };
		6F6CD9302033572B00BABC3F /* ShowNoWords.storyboard in Resources */ = {isa = PBXBuildFile; fileRef = 6F6CD92F2033572B00BABC3F /* ShowNoWords.storyboard */; };
		6FEA993220358F4600491A3E /* ActionsNoWords.storyboard in Resources */ = {isa = PBXBuildFile; fileRef = 6FEA993120358F4600491A3E /* ActionsNoWords.storyboard */; };
		99AF655C202DAE7900F49A3E /* AppDelegate.swift in Sources */ = {isa = PBXBuildFile; fileRef = 99AF655B202DAE7900F49A3E /* AppDelegate.swift */; };
		99AF655E202DAE7900F49A3E /* ViewController.swift in Sources */ = {isa = PBXBuildFile; fileRef = 99AF655D202DAE7900F49A3E /* ViewController.swift */; };
		99AF6561202DAE7900F49A3E /* Main.storyboard in Resources */ = {isa = PBXBuildFile; fileRef = 99AF655F202DAE7900F49A3E /* Main.storyboard */; };
		99AF6564202DAE7900F49A3E /* loscodershermanos.xcdatamodeld in Sources */ = {isa = PBXBuildFile; fileRef = 99AF6562202DAE7900F49A3E /* loscodershermanos.xcdatamodeld */; };
		99AF6566202DAE7900F49A3E /* Assets.xcassets in Resources */ = {isa = PBXBuildFile; fileRef = 99AF6565202DAE7900F49A3E /* Assets.xcassets */; };
		99AF6569202DAE7900F49A3E /* LaunchScreen.storyboard in Resources */ = {isa = PBXBuildFile; fileRef = 99AF6567202DAE7900F49A3E /* LaunchScreen.storyboard */; };
		99AF6574202DAE7900F49A3E /* loscodershermanosTests.swift in Sources */ = {isa = PBXBuildFile; fileRef = 99AF6573202DAE7900F49A3E /* loscodershermanosTests.swift */; };
		99AF657F202DAE7900F49A3E /* loscodershermanosUITests.swift in Sources */ = {isa = PBXBuildFile; fileRef = 99AF657E202DAE7900F49A3E /* loscodershermanosUITests.swift */; };
		99AF658D202DB08B00F49A3E /* NoWordGenerator.storyboard in Resources */ = {isa = PBXBuildFile; fileRef = 99AF658C202DB08B00F49A3E /* NoWordGenerator.storyboard */; };
		99AF658F202DB0A100F49A3E /* CardGame.storyboard in Resources */ = {isa = PBXBuildFile; fileRef = 99AF658E202DB0A100F49A3E /* CardGame.storyboard */; };
		99AF6592202DB0F600F49A3E /* NoWordGenerator.swift in Sources */ = {isa = PBXBuildFile; fileRef = 99AF6591202DB0F600F49A3E /* NoWordGenerator.swift */; };
		99AF6594202DB11500F49A3E /* CardGame.swift in Sources */ = {isa = PBXBuildFile; fileRef = 99AF6593202DB11500F49A3E /* CardGame.swift */; };
		99AF6598202DB14B00F49A3E /* Snaker.sks in Resources */ = {isa = PBXBuildFile; fileRef = 99AF6597202DB14B00F49A3E /* Snaker.sks */; };
		99AF659E202DD9EE00F49A3E /* dizionario.txt in Resources */ = {isa = PBXBuildFile; fileRef = 99AF659D202DD9EE00F49A3E /* dizionario.txt */; };
		99AF65A0202E351C00F49A3E /* MemoSound.storyboard in Resources */ = {isa = PBXBuildFile; fileRef = 99AF659F202E351C00F49A3E /* MemoSound.storyboard */; };
		99AF65A2202E352800F49A3E /* MemoSoundViewController.swift in Sources */ = {isa = PBXBuildFile; fileRef = 99AF65A1202E352800F49A3E /* MemoSoundViewController.swift */; };
		99AF65A8202E3A2500F49A3E /* 3.wav in Resources */ = {isa = PBXBuildFile; fileRef = 99AF65A4202E3A2500F49A3E /* 3.wav */; };
		99AF65A9202E3A2500F49A3E /* 4.wav in Resources */ = {isa = PBXBuildFile; fileRef = 99AF65A5202E3A2500F49A3E /* 4.wav */; };
		99AF65AA202E3A2500F49A3E /* 1.wav in Resources */ = {isa = PBXBuildFile; fileRef = 99AF65A6202E3A2500F49A3E /* 1.wav */; };
		99AF65AB202E3A2500F49A3E /* 2.wav in Resources */ = {isa = PBXBuildFile; fileRef = 99AF65A7202E3A2500F49A3E /* 2.wav */; };
/* End PBXBuildFile section */

/* Begin PBXContainerItemProxy section */
		99AF6570202DAE7900F49A3E /* PBXContainerItemProxy */ = {
			isa = PBXContainerItemProxy;
			containerPortal = 99AF6550202DAE7900F49A3E /* Project object */;
			proxyType = 1;
			remoteGlobalIDString = 99AF6557202DAE7900F49A3E;
			remoteInfo = loscodershermanos;
		};
		99AF657B202DAE7900F49A3E /* PBXContainerItemProxy */ = {
			isa = PBXContainerItemProxy;
			containerPortal = 99AF6550202DAE7900F49A3E /* Project object */;
			proxyType = 1;
			remoteGlobalIDString = 99AF6557202DAE7900F49A3E;
			remoteInfo = loscodershermanos;
		};
/* End PBXContainerItemProxy section */

/* Begin PBXFileReference section */
		400B9C612033404D00C291A6 /* serpente.png */ = {isa = PBXFileReference; lastKnownFileType = image.png; path = serpente.png; sourceTree = "<group>"; };
		400B9C63203341C100C291A6 /* Snaker.storyboard */ = {isa = PBXFileReference; lastKnownFileType = file.storyboard; path = Snaker.storyboard; sourceTree = "<group>"; };
		40A37CBE203A2A250074ED37 /* SoundsTrainer.storyboard */ = {isa = PBXFileReference; fileEncoding = 4; lastKnownFileType = file.storyboard; path = SoundsTrainer.storyboard; sourceTree = "<group>"; };
		40A37CC0203A2A400074ED37 /* SoundsTrainerViewController.swift */ = {isa = PBXFileReference; fileEncoding = 4; lastKnownFileType = sourcecode.swift; path = SoundsTrainerViewController.swift; sourceTree = "<group>"; };
		40A37CC2203A2A600074ED37 /* esseSpezzata.m4a */ = {isa = PBXFileReference; lastKnownFileType = file; path = esseSpezzata.m4a; sourceTree = "<group>"; };
		40A37CC6203A2A660074ED37 /* affricataSorda.m4a */ = {isa = PBXFileReference; lastKnownFileType = file; path = affricataSorda.m4a; sourceTree = "<group>"; };
		40F9116F2031DCD1009F6961 /* SnakerViewController.swift */ = {isa = PBXFileReference; fileEncoding = 4; lastKnownFileType = sourcecode.swift; path = SnakerViewController.swift; sourceTree = "<group>"; };
		40F911712031DCFC009F6961 /* s sound.m4a */ = {isa = PBXFileReference; lastKnownFileType = file; path = "s sound.m4a"; sourceTree = "<group>"; };
		6F4C7F80203B544600E1755B /* noWordGeneratorTableViewCell.swift */ = {isa = PBXFileReference; lastKnownFileType = sourcecode.swift; path = noWordGeneratorTableViewCell.swift; sourceTree = "<group>"; };
		6F6CD92D203356B500BABC3F /* ShowNoWordsViewController.swift */ = {isa = PBXFileReference; lastKnownFileType = sourcecode.swift; path = ShowNoWordsViewController.swift; sourceTree = "<group>"; };
		6F6CD92F2033572B00BABC3F /* ShowNoWords.storyboard */ = {isa = PBXFileReference; lastKnownFileType = file.storyboard; path = ShowNoWords.storyboard; sourceTree = "<group>"; };
		6FEA993120358F4600491A3E /* ActionsNoWords.storyboard */ = {isa = PBXFileReference; lastKnownFileType = file.storyboard; path = ActionsNoWords.storyboard; sourceTree = "<group>"; };
		99AF6558202DAE7900F49A3E /* loscodershermanos.app */ = {isa = PBXFileReference; explicitFileType = wrapper.application; includeInIndex = 0; path = loscodershermanos.app; sourceTree = BUILT_PRODUCTS_DIR; };
		99AF655B202DAE7900F49A3E /* AppDelegate.swift */ = {isa = PBXFileReference; lastKnownFileType = sourcecode.swift; path = AppDelegate.swift; sourceTree = "<group>"; };
		99AF655D202DAE7900F49A3E /* ViewController.swift */ = {isa = PBXFileReference; lastKnownFileType = sourcecode.swift; path = ViewController.swift; sourceTree = "<group>"; };
		99AF6560202DAE7900F49A3E /* Base */ = {isa = PBXFileReference; lastKnownFileType = file.storyboard; name = Base; path = Base.lproj/Main.storyboard; sourceTree = "<group>"; };
		99AF6563202DAE7900F49A3E /* loscodershermanos.xcdatamodel */ = {isa = PBXFileReference; lastKnownFileType = wrapper.xcdatamodel; path = loscodershermanos.xcdatamodel; sourceTree = "<group>"; };
		99AF6565202DAE7900F49A3E /* Assets.xcassets */ = {isa = PBXFileReference; lastKnownFileType = folder.assetcatalog; path = Assets.xcassets; sourceTree = "<group>"; };
		99AF6568202DAE7900F49A3E /* Base */ = {isa = PBXFileReference; lastKnownFileType = file.storyboard; name = Base; path = Base.lproj/LaunchScreen.storyboard; sourceTree = "<group>"; };
		99AF656A202DAE7900F49A3E /* Info.plist */ = {isa = PBXFileReference; lastKnownFileType = text.plist.xml; path = Info.plist; sourceTree = "<group>"; };
		99AF656F202DAE7900F49A3E /* loscodershermanosTests.xctest */ = {isa = PBXFileReference; explicitFileType = wrapper.cfbundle; includeInIndex = 0; path = loscodershermanosTests.xctest; sourceTree = BUILT_PRODUCTS_DIR; };
		99AF6573202DAE7900F49A3E /* loscodershermanosTests.swift */ = {isa = PBXFileReference; lastKnownFileType = sourcecode.swift; path = loscodershermanosTests.swift; sourceTree = "<group>"; };
		99AF6575202DAE7900F49A3E /* Info.plist */ = {isa = PBXFileReference; lastKnownFileType = text.plist.xml; path = Info.plist; sourceTree = "<group>"; };
		99AF657A202DAE7900F49A3E /* loscodershermanosUITests.xctest */ = {isa = PBXFileReference; explicitFileType = wrapper.cfbundle; includeInIndex = 0; path = loscodershermanosUITests.xctest; sourceTree = BUILT_PRODUCTS_DIR; };
		99AF657E202DAE7900F49A3E /* loscodershermanosUITests.swift */ = {isa = PBXFileReference; lastKnownFileType = sourcecode.swift; path = loscodershermanosUITests.swift; sourceTree = "<group>"; };
		99AF6580202DAE7900F49A3E /* Info.plist */ = {isa = PBXFileReference; lastKnownFileType = text.plist.xml; path = Info.plist; sourceTree = "<group>"; };
		99AF658C202DB08B00F49A3E /* NoWordGenerator.storyboard */ = {isa = PBXFileReference; lastKnownFileType = file.storyboard; path = NoWordGenerator.storyboard; sourceTree = "<group>"; };
		99AF658E202DB0A100F49A3E /* CardGame.storyboard */ = {isa = PBXFileReference; lastKnownFileType = file.storyboard; path = CardGame.storyboard; sourceTree = "<group>"; };
		99AF6591202DB0F600F49A3E /* NoWordGenerator.swift */ = {isa = PBXFileReference; lastKnownFileType = sourcecode.swift; path = NoWordGenerator.swift; sourceTree = "<group>"; };
		99AF6593202DB11500F49A3E /* CardGame.swift */ = {isa = PBXFileReference; lastKnownFileType = sourcecode.swift; path = CardGame.swift; sourceTree = "<group>"; };
		99AF6597202DB14B00F49A3E /* Snaker.sks */ = {isa = PBXFileReference; lastKnownFileType = file.sks; path = Snaker.sks; sourceTree = "<group>"; };
		99AF659D202DD9EE00F49A3E /* dizionario.txt */ = {isa = PBXFileReference; fileEncoding = 4; lastKnownFileType = text; path = dizionario.txt; sourceTree = "<group>"; };
		99AF659F202E351C00F49A3E /* MemoSound.storyboard */ = {isa = PBXFileReference; lastKnownFileType = file.storyboard; path = MemoSound.storyboard; sourceTree = "<group>"; };
		99AF65A1202E352800F49A3E /* MemoSoundViewController.swift */ = {isa = PBXFileReference; lastKnownFileType = sourcecode.swift; path = MemoSoundViewController.swift; sourceTree = "<group>"; };
		99AF65A4202E3A2500F49A3E /* 3.wav */ = {isa = PBXFileReference; lastKnownFileType = audio.wav; path = 3.wav; sourceTree = "<group>"; };
		99AF65A5202E3A2500F49A3E /* 4.wav */ = {isa = PBXFileReference; lastKnownFileType = audio.wav; path = 4.wav; sourceTree = "<group>"; };
		99AF65A6202E3A2500F49A3E /* 1.wav */ = {isa = PBXFileReference; lastKnownFileType = audio.wav; path = 1.wav; sourceTree = "<group>"; };
		99AF65A7202E3A2500F49A3E /* 2.wav */ = {isa = PBXFileReference; lastKnownFileType = audio.wav; path = 2.wav; sourceTree = "<group>"; };
/* End PBXFileReference section */

/* Begin PBXFrameworksBuildPhase section */
		99AF6555202DAE7900F49A3E /* Frameworks */ = {
			isa = PBXFrameworksBuildPhase;
			buildActionMask = 2147483647;
			files = (
			);
			runOnlyForDeploymentPostprocessing = 0;
		};
		99AF656C202DAE7900F49A3E /* Frameworks */ = {
			isa = PBXFrameworksBuildPhase;
			buildActionMask = 2147483647;
			files = (
			);
			runOnlyForDeploymentPostprocessing = 0;
		};
		99AF6577202DAE7900F49A3E /* Frameworks */ = {
			isa = PBXFrameworksBuildPhase;
			buildActionMask = 2147483647;
			files = (
			);
			runOnlyForDeploymentPostprocessing = 0;
		};
/* End PBXFrameworksBuildPhase section */

/* Begin PBXGroup section */
		99AF654F202DAE7900F49A3E = {
			isa = PBXGroup;
			children = (
				99AF655A202DAE7900F49A3E /* loscodershermanos */,
				99AF6572202DAE7900F49A3E /* loscodershermanosTests */,
				99AF657D202DAE7900F49A3E /* loscodershermanosUITests */,
				99AF6559202DAE7900F49A3E /* Products */,
			);
			sourceTree = "<group>";
		};
		99AF6559202DAE7900F49A3E /* Products */ = {
			isa = PBXGroup;
			children = (
				99AF6558202DAE7900F49A3E /* loscodershermanos.app */,
				99AF656F202DAE7900F49A3E /* loscodershermanosTests.xctest */,
				99AF657A202DAE7900F49A3E /* loscodershermanosUITests.xctest */,
			);
			name = Products;
			sourceTree = "<group>";
		};
		99AF655A202DAE7900F49A3E /* loscodershermanos */ = {
			isa = PBXGroup;
			children = (
				99AF655B202DAE7900F49A3E /* AppDelegate.swift */,
				99AF655D202DAE7900F49A3E /* ViewController.swift */,
				99AF659B202DB17D00F49A3E /* Games */,
				99AF6590202DB0AE00F49A3E /* StoryBoards */,
				99AF656A202DAE7900F49A3E /* Info.plist */,
				99AF6562202DAE7900F49A3E /* loscodershermanos.xcdatamodeld */,
			);
			path = loscodershermanos;
			sourceTree = "<group>";
		};
		99AF6572202DAE7900F49A3E /* loscodershermanosTests */ = {
			isa = PBXGroup;
			children = (
				99AF6573202DAE7900F49A3E /* loscodershermanosTests.swift */,
				99AF6575202DAE7900F49A3E /* Info.plist */,
			);
			path = loscodershermanosTests;
			sourceTree = "<group>";
		};
		99AF657D202DAE7900F49A3E /* loscodershermanosUITests */ = {
			isa = PBXGroup;
			children = (
				99AF657E202DAE7900F49A3E /* loscodershermanosUITests.swift */,
				99AF6580202DAE7900F49A3E /* Info.plist */,
			);
			path = loscodershermanosUITests;
			sourceTree = "<group>";
		};
		99AF6590202DB0AE00F49A3E /* StoryBoards */ = {
			isa = PBXGroup;
			children = (
				99AF6565202DAE7900F49A3E /* Assets.xcassets */,
				99AF659D202DD9EE00F49A3E /* dizionario.txt */,
				99AF6567202DAE7900F49A3E /* LaunchScreen.storyboard */,
			);
			name = StoryBoards;
			path = "ù";
			sourceTree = "<group>";
		};
		99AF659B202DB17D00F49A3E /* Games */ = {
			isa = PBXGroup;
			children = (
				99AF65AC202E3A3200F49A3E /* SoundMemoryGame */,
				99AF659C202DB1A200F49A3E /* StoryBoards */,
				99AF65A3202E355300F49A3E /* GamesController */,
				99AF6597202DB14B00F49A3E /* Snaker.sks */,
			);
			name = Games;
			path = ..;
			sourceTree = "<group>";
		};
		99AF659C202DB1A200F49A3E /* StoryBoards */ = {
			isa = PBXGroup;
			children = (
				99AF655F202DAE7900F49A3E /* Main.storyboard */,
				99AF658C202DB08B00F49A3E /* NoWordGenerator.storyboard */,
				400B9C612033404D00C291A6 /* serpente.png */,
				40F911712031DCFC009F6961 /* s sound.m4a */,
				40A37CC6203A2A660074ED37 /* affricataSorda.m4a */,
				40A37CC2203A2A600074ED37 /* esseSpezzata.m4a */,
				99AF658E202DB0A100F49A3E /* CardGame.storyboard */,
				400B9C63203341C100C291A6 /* Snaker.storyboard */,
				99AF659F202E351C00F49A3E /* MemoSound.storyboard */,
				6F6CD92F2033572B00BABC3F /* ShowNoWords.storyboard */,
				40A37CBE203A2A250074ED37 /* SoundsTrainer.storyboard */,
				6FEA993120358F4600491A3E /* ActionsNoWords.storyboard */,
			);
			name = StoryBoards;
			sourceTree = "<group>";
		};
		99AF65A3202E355300F49A3E /* GamesController */ = {
			isa = PBXGroup;
			children = (
				99AF6593202DB11500F49A3E /* CardGame.swift */,
				6F4C7F80203B544600E1755B /* noWordGeneratorTableViewCell.swift */,
				99AF6591202DB0F600F49A3E /* NoWordGenerator.swift */,
				40F9116F2031DCD1009F6961 /* SnakerViewController.swift */,
				99AF65A1202E352800F49A3E /* MemoSoundViewController.swift */,
				40A37CC0203A2A400074ED37 /* SoundsTrainerViewController.swift */,
				6F6CD92D203356B500BABC3F /* ShowNoWordsViewController.swift */,
			);
			name = GamesController;
			sourceTree = "<group>";
		};
		99AF65AC202E3A3200F49A3E /* SoundMemoryGame */ = {
			isa = PBXGroup;
			children = (
				99AF65A6202E3A2500F49A3E /* 1.wav */,
				99AF65A7202E3A2500F49A3E /* 2.wav */,
				99AF65A4202E3A2500F49A3E /* 3.wav */,
				99AF65A5202E3A2500F49A3E /* 4.wav */,
			);
			name = SoundMemoryGame;
			sourceTree = "<group>";
		};
/* End PBXGroup section */

/* Begin PBXNativeTarget section */
		99AF6557202DAE7900F49A3E /* loscodershermanos */ = {
			isa = PBXNativeTarget;
			buildConfigurationList = 99AF6583202DAE7900F49A3E /* Build configuration list for PBXNativeTarget "loscodershermanos" */;
			buildPhases = (
				99AF6554202DAE7900F49A3E /* Sources */,
				99AF6555202DAE7900F49A3E /* Frameworks */,
				99AF6556202DAE7900F49A3E /* Resources */,
			);
			buildRules = (
			);
			dependencies = (
			);
			name = loscodershermanos;
			productName = loscodershermanos;
			productReference = 99AF6558202DAE7900F49A3E /* loscodershermanos.app */;
			productType = "com.apple.product-type.application";
		};
		99AF656E202DAE7900F49A3E /* loscodershermanosTests */ = {
			isa = PBXNativeTarget;
			buildConfigurationList = 99AF6586202DAE7900F49A3E /* Build configuration list for PBXNativeTarget "loscodershermanosTests" */;
			buildPhases = (
				99AF656B202DAE7900F49A3E /* Sources */,
				99AF656C202DAE7900F49A3E /* Frameworks */,
				99AF656D202DAE7900F49A3E /* Resources */,
			);
			buildRules = (
			);
			dependencies = (
				99AF6571202DAE7900F49A3E /* PBXTargetDependency */,
			);
			name = loscodershermanosTests;
			productName = loscodershermanosTests;
			productReference = 99AF656F202DAE7900F49A3E /* loscodershermanosTests.xctest */;
			productType = "com.apple.product-type.bundle.unit-test";
		};
		99AF6579202DAE7900F49A3E /* loscodershermanosUITests */ = {
			isa = PBXNativeTarget;
			buildConfigurationList = 99AF6589202DAE7900F49A3E /* Build configuration list for PBXNativeTarget "loscodershermanosUITests" */;
			buildPhases = (
				99AF6576202DAE7900F49A3E /* Sources */,
				99AF6577202DAE7900F49A3E /* Frameworks */,
				99AF6578202DAE7900F49A3E /* Resources */,
			);
			buildRules = (
			);
			dependencies = (
				99AF657C202DAE7900F49A3E /* PBXTargetDependency */,
			);
			name = loscodershermanosUITests;
			productName = loscodershermanosUITests;
			productReference = 99AF657A202DAE7900F49A3E /* loscodershermanosUITests.xctest */;
			productType = "com.apple.product-type.bundle.ui-testing";
		};
/* End PBXNativeTarget section */

/* Begin PBXProject section */
		99AF6550202DAE7900F49A3E /* Project object */ = {
			isa = PBXProject;
			attributes = {
				LastSwiftUpdateCheck = 0920;
				LastUpgradeCheck = 0920;
				ORGANIZATIONNAME = "Luigi Scherillo";
				TargetAttributes = {
					99AF6557202DAE7900F49A3E = {
						CreatedOnToolsVersion = 9.2;
						ProvisioningStyle = Automatic;
					};
					99AF656E202DAE7900F49A3E = {
						CreatedOnToolsVersion = 9.2;
						ProvisioningStyle = Automatic;
						TestTargetID = 99AF6557202DAE7900F49A3E;
					};
					99AF6579202DAE7900F49A3E = {
						CreatedOnToolsVersion = 9.2;
						ProvisioningStyle = Automatic;
						TestTargetID = 99AF6557202DAE7900F49A3E;
					};
				};
			};
			buildConfigurationList = 99AF6553202DAE7900F49A3E /* Build configuration list for PBXProject "loscodershermanos" */;
			compatibilityVersion = "Xcode 8.0";
			developmentRegion = en;
			hasScannedForEncodings = 0;
			knownRegions = (
				en,
				Base,
			);
			mainGroup = 99AF654F202DAE7900F49A3E;
			productRefGroup = 99AF6559202DAE7900F49A3E /* Products */;
			projectDirPath = "";
			projectRoot = "";
			targets = (
				99AF6557202DAE7900F49A3E /* loscodershermanos */,
				99AF656E202DAE7900F49A3E /* loscodershermanosTests */,
				99AF6579202DAE7900F49A3E /* loscodershermanosUITests */,
			);
		};
/* End PBXProject section */

/* Begin PBXResourcesBuildPhase section */
		99AF6556202DAE7900F49A3E /* Resources */ = {
			isa = PBXResourcesBuildPhase;
			buildActionMask = 2147483647;
			files = (
				40A37CC7203A2A670074ED37 /* affricataSorda.m4a in Resources */,
				99AF65AB202E3A2500F49A3E /* 2.wav in Resources */,
				40F911722031DCFC009F6961 /* s sound.m4a in Resources */,
				40A37CC3203A2A610074ED37 /* esseSpezzata.m4a in Resources */,
				99AF65A9202E3A2500F49A3E /* 4.wav in Resources */,
				99AF659E202DD9EE00F49A3E /* dizionario.txt in Resources */,
				99AF658F202DB0A100F49A3E /* CardGame.storyboard in Resources */,
				40F9116E2031DC8D009F6961 /* (null) in Resources */,
				400B9C622033404D00C291A6 /* serpente.png in Resources */,
				99AF6569202DAE7900F49A3E /* LaunchScreen.storyboard in Resources */,
				99AF65A0202E351C00F49A3E /* MemoSound.storyboard in Resources */,
				99AF658D202DB08B00F49A3E /* NoWordGenerator.storyboard in Resources */,
				6F6CD9302033572B00BABC3F /* ShowNoWords.storyboard in Resources */,
				6FEA993220358F4600491A3E /* ActionsNoWords.storyboard in Resources */,
				40A37CBF203A2A250074ED37 /* SoundsTrainer.storyboard in Resources */,
				99AF65AA202E3A2500F49A3E /* 1.wav in Resources */,
				99AF6566202DAE7900F49A3E /* Assets.xcassets in Resources */,
				400B9C64203341C100C291A6 /* Snaker.storyboard in Resources */,
				99AF65A8202E3A2500F49A3E /* 3.wav in Resources */,
				99AF6561202DAE7900F49A3E /* Main.storyboard in Resources */,
				99AF6598202DB14B00F49A3E /* Snaker.sks in Resources */,
			);
			runOnlyForDeploymentPostprocessing = 0;
		};
		99AF656D202DAE7900F49A3E /* Resources */ = {
			isa = PBXResourcesBuildPhase;
			buildActionMask = 2147483647;
			files = (
				40A37CC8203A2A670074ED37 /* affricataSorda.m4a in Resources */,
				40A37CC4203A2A610074ED37 /* esseSpezzata.m4a in Resources */,
			);
			runOnlyForDeploymentPostprocessing = 0;
		};
		99AF6578202DAE7900F49A3E /* Resources */ = {
			isa = PBXResourcesBuildPhase;
			buildActionMask = 2147483647;
			files = (
				40A37CC9203A2A670074ED37 /* affricataSorda.m4a in Resources */,
				40A37CC5203A2A610074ED37 /* esseSpezzata.m4a in Resources */,
			);
			runOnlyForDeploymentPostprocessing = 0;
		};
/* End PBXResourcesBuildPhase section */

/* Begin PBXSourcesBuildPhase section */
		99AF6554202DAE7900F49A3E /* Sources */ = {
			isa = PBXSourcesBuildPhase;
			buildActionMask = 2147483647;
			files = (
				6F4C7F81203B544600E1755B /* noWordGeneratorTableViewCell.swift in Sources */,
				40F911702031DCD1009F6961 /* SnakerViewController.swift in Sources */,
				99AF6592202DB0F600F49A3E /* NoWordGenerator.swift in Sources */,
				40A37CC1203A2A400074ED37 /* SoundsTrainerViewController.swift in Sources */,
				99AF655E202DAE7900F49A3E /* ViewController.swift in Sources */,
				99AF6564202DAE7900F49A3E /* loscodershermanos.xcdatamodeld in Sources */,
				99AF65A2202E352800F49A3E /* MemoSoundViewController.swift in Sources */,
				99AF655C202DAE7900F49A3E /* AppDelegate.swift in Sources */,
				6F6CD92E203356B500BABC3F /* ShowNoWordsViewController.swift in Sources */,
				99AF6594202DB11500F49A3E /* CardGame.swift in Sources */,
			);
			runOnlyForDeploymentPostprocessing = 0;
		};
		99AF656B202DAE7900F49A3E /* Sources */ = {
			isa = PBXSourcesBuildPhase;
			buildActionMask = 2147483647;
			files = (
				99AF6574202DAE7900F49A3E /* loscodershermanosTests.swift in Sources */,
			);
			runOnlyForDeploymentPostprocessing = 0;
		};
		99AF6576202DAE7900F49A3E /* Sources */ = {
			isa = PBXSourcesBuildPhase;
			buildActionMask = 2147483647;
			files = (
				99AF657F202DAE7900F49A3E /* loscodershermanosUITests.swift in Sources */,
			);
			runOnlyForDeploymentPostprocessing = 0;
		};
/* End PBXSourcesBuildPhase section */

/* Begin PBXTargetDependency section */
		99AF6571202DAE7900F49A3E /* PBXTargetDependency */ = {
			isa = PBXTargetDependency;
			target = 99AF6557202DAE7900F49A3E /* loscodershermanos */;
			targetProxy = 99AF6570202DAE7900F49A3E /* PBXContainerItemProxy */;
		};
		99AF657C202DAE7900F49A3E /* PBXTargetDependency */ = {
			isa = PBXTargetDependency;
			target = 99AF6557202DAE7900F49A3E /* loscodershermanos */;
			targetProxy = 99AF657B202DAE7900F49A3E /* PBXContainerItemProxy */;
		};
/* End PBXTargetDependency section */

/* Begin PBXVariantGroup section */
		99AF655F202DAE7900F49A3E /* Main.storyboard */ = {
			isa = PBXVariantGroup;
			children = (
				99AF6560202DAE7900F49A3E /* Base */,
			);
			name = Main.storyboard;
			sourceTree = "<group>";
		};
		99AF6567202DAE7900F49A3E /* LaunchScreen.storyboard */ = {
			isa = PBXVariantGroup;
			children = (
				99AF6568202DAE7900F49A3E /* Base */,
			);
			name = LaunchScreen.storyboard;
			sourceTree = "<group>";
		};
/* End PBXVariantGroup section */

/* Begin XCBuildConfiguration section */
		99AF6581202DAE7900F49A3E /* Debug */ = {
			isa = XCBuildConfiguration;
			buildSettings = {
				ALWAYS_SEARCH_USER_PATHS = NO;
				CLANG_ANALYZER_NONNULL = YES;
				CLANG_ANALYZER_NUMBER_OBJECT_CONVERSION = YES_AGGRESSIVE;
				CLANG_CXX_LANGUAGE_STANDARD = "gnu++14";
				CLANG_CXX_LIBRARY = "libc++";
				CLANG_ENABLE_MODULES = YES;
				CLANG_ENABLE_OBJC_ARC = YES;
				CLANG_WARN_BLOCK_CAPTURE_AUTORELEASING = YES;
				CLANG_WARN_BOOL_CONVERSION = YES;
				CLANG_WARN_COMMA = YES;
				CLANG_WARN_CONSTANT_CONVERSION = YES;
				CLANG_WARN_DIRECT_OBJC_ISA_USAGE = YES_ERROR;
				CLANG_WARN_DOCUMENTATION_COMMENTS = YES;
				CLANG_WARN_EMPTY_BODY = YES;
				CLANG_WARN_ENUM_CONVERSION = YES;
				CLANG_WARN_INFINITE_RECURSION = YES;
				CLANG_WARN_INT_CONVERSION = YES;
				CLANG_WARN_NON_LITERAL_NULL_CONVERSION = YES;
				CLANG_WARN_OBJC_LITERAL_CONVERSION = YES;
				CLANG_WARN_OBJC_ROOT_CLASS = YES_ERROR;
				CLANG_WARN_RANGE_LOOP_ANALYSIS = YES;
				CLANG_WARN_STRICT_PROTOTYPES = YES;
				CLANG_WARN_SUSPICIOUS_MOVE = YES;
				CLANG_WARN_UNGUARDED_AVAILABILITY = YES_AGGRESSIVE;
				CLANG_WARN_UNREACHABLE_CODE = YES;
				CLANG_WARN__DUPLICATE_METHOD_MATCH = YES;
				CODE_SIGN_IDENTITY = "iPhone Developer";
				COPY_PHASE_STRIP = NO;
				DEBUG_INFORMATION_FORMAT = dwarf;
				ENABLE_STRICT_OBJC_MSGSEND = YES;
				ENABLE_TESTABILITY = YES;
				GCC_C_LANGUAGE_STANDARD = gnu11;
				GCC_DYNAMIC_NO_PIC = NO;
				GCC_NO_COMMON_BLOCKS = YES;
				GCC_OPTIMIZATION_LEVEL = 0;
				GCC_PREPROCESSOR_DEFINITIONS = (
					"DEBUG=1",
					"$(inherited)",
				);
				GCC_WARN_64_TO_32_BIT_CONVERSION = YES;
				GCC_WARN_ABOUT_RETURN_TYPE = YES_ERROR;
				GCC_WARN_UNDECLARED_SELECTOR = YES;
				GCC_WARN_UNINITIALIZED_AUTOS = YES_AGGRESSIVE;
				GCC_WARN_UNUSED_FUNCTION = YES;
				GCC_WARN_UNUSED_VARIABLE = YES;
				IPHONEOS_DEPLOYMENT_TARGET = 11.2;
				MTL_ENABLE_DEBUG_INFO = YES;
				ONLY_ACTIVE_ARCH = YES;
				SDKROOT = iphoneos;
				SWIFT_ACTIVE_COMPILATION_CONDITIONS = DEBUG;
				SWIFT_OPTIMIZATION_LEVEL = "-Onone";
			};
			name = Debug;
		};
		99AF6582202DAE7900F49A3E /* Release */ = {
			isa = XCBuildConfiguration;
			buildSettings = {
				ALWAYS_SEARCH_USER_PATHS = NO;
				CLANG_ANALYZER_NONNULL = YES;
				CLANG_ANALYZER_NUMBER_OBJECT_CONVERSION = YES_AGGRESSIVE;
				CLANG_CXX_LANGUAGE_STANDARD = "gnu++14";
				CLANG_CXX_LIBRARY = "libc++";
				CLANG_ENABLE_MODULES = YES;
				CLANG_ENABLE_OBJC_ARC = YES;
				CLANG_WARN_BLOCK_CAPTURE_AUTORELEASING = YES;
				CLANG_WARN_BOOL_CONVERSION = YES;
				CLANG_WARN_COMMA = YES;
				CLANG_WARN_CONSTANT_CONVERSION = YES;
				CLANG_WARN_DIRECT_OBJC_ISA_USAGE = YES_ERROR;
				CLANG_WARN_DOCUMENTATION_COMMENTS = YES;
				CLANG_WARN_EMPTY_BODY = YES;
				CLANG_WARN_ENUM_CONVERSION = YES;
				CLANG_WARN_INFINITE_RECURSION = YES;
				CLANG_WARN_INT_CONVERSION = YES;
				CLANG_WARN_NON_LITERAL_NULL_CONVERSION = YES;
				CLANG_WARN_OBJC_LITERAL_CONVERSION = YES;
				CLANG_WARN_OBJC_ROOT_CLASS = YES_ERROR;
				CLANG_WARN_RANGE_LOOP_ANALYSIS = YES;
				CLANG_WARN_STRICT_PROTOTYPES = YES;
				CLANG_WARN_SUSPICIOUS_MOVE = YES;
				CLANG_WARN_UNGUARDED_AVAILABILITY = YES_AGGRESSIVE;
				CLANG_WARN_UNREACHABLE_CODE = YES;
				CLANG_WARN__DUPLICATE_METHOD_MATCH = YES;
				CODE_SIGN_IDENTITY = "iPhone Developer";
				COPY_PHASE_STRIP = NO;
				DEBUG_INFORMATION_FORMAT = "dwarf-with-dsym";
				ENABLE_NS_ASSERTIONS = NO;
				ENABLE_STRICT_OBJC_MSGSEND = YES;
				GCC_C_LANGUAGE_STANDARD = gnu11;
				GCC_NO_COMMON_BLOCKS = YES;
				GCC_WARN_64_TO_32_BIT_CONVERSION = YES;
				GCC_WARN_ABOUT_RETURN_TYPE = YES_ERROR;
				GCC_WARN_UNDECLARED_SELECTOR = YES;
				GCC_WARN_UNINITIALIZED_AUTOS = YES_AGGRESSIVE;
				GCC_WARN_UNUSED_FUNCTION = YES;
				GCC_WARN_UNUSED_VARIABLE = YES;
				IPHONEOS_DEPLOYMENT_TARGET = 11.2;
				MTL_ENABLE_DEBUG_INFO = NO;
				SDKROOT = iphoneos;
				SWIFT_OPTIMIZATION_LEVEL = "-Owholemodule";
				VALIDATE_PRODUCT = YES;
			};
			name = Release;
		};
		99AF6584202DAE7900F49A3E /* Debug */ = {
			isa = XCBuildConfiguration;
			buildSettings = {
				ASSETCATALOG_COMPILER_APPICON_NAME = AppIcon;
				CODE_SIGN_STYLE = Automatic;
				DEVELOPMENT_TEAM = 2P7Y8V53M5;
				INFOPLIST_FILE = loscodershermanos/Info.plist;
				LD_RUNPATH_SEARCH_PATHS = "$(inherited) @executable_path/Frameworks";
				PRODUCT_BUNDLE_IDENTIFIER = LuigiScherillo.loscodershermanos;
				PRODUCT_NAME = "$(TARGET_NAME)";
				SWIFT_VERSION = 4.0;
				TARGETED_DEVICE_FAMILY = 2;
			};
			name = Debug;
		};
		99AF6585202DAE7900F49A3E /* Release */ = {
			isa = XCBuildConfiguration;
			buildSettings = {
				ASSETCATALOG_COMPILER_APPICON_NAME = AppIcon;
				CODE_SIGN_STYLE = Automatic;
				DEVELOPMENT_TEAM = 2P7Y8V53M5;
				INFOPLIST_FILE = loscodershermanos/Info.plist;
				LD_RUNPATH_SEARCH_PATHS = "$(inherited) @executable_path/Frameworks";
				PRODUCT_BUNDLE_IDENTIFIER = LuigiScherillo.loscodershermanos;
				PRODUCT_NAME = "$(TARGET_NAME)";
				SWIFT_VERSION = 4.0;
				TARGETED_DEVICE_FAMILY = 2;
			};
			name = Release;
		};
		99AF6587202DAE7900F49A3E /* Debug */ = {
			isa = XCBuildConfiguration;
			buildSettings = {
				ALWAYS_EMBED_SWIFT_STANDARD_LIBRARIES = YES;
				BUNDLE_LOADER = "$(TEST_HOST)";
				CODE_SIGN_STYLE = Automatic;
				DEVELOPMENT_TEAM = 3H85PPY5GT;
				INFOPLIST_FILE = loscodershermanosTests/Info.plist;
				LD_RUNPATH_SEARCH_PATHS = "$(inherited) @executable_path/Frameworks @loader_path/Frameworks";
				PRODUCT_BUNDLE_IDENTIFIER = LuigiScherillo.loscodershermanosTests;
				PRODUCT_NAME = "$(TARGET_NAME)";
				SWIFT_VERSION = 4.0;
				TARGETED_DEVICE_FAMILY = "1,2";
				TEST_HOST = "$(BUILT_PRODUCTS_DIR)/loscodershermanos.app/loscodershermanos";
			};
			name = Debug;
		};
		99AF6588202DAE7900F49A3E /* Release */ = {
			isa = XCBuildConfiguration;
			buildSettings = {
				ALWAYS_EMBED_SWIFT_STANDARD_LIBRARIES = YES;
				BUNDLE_LOADER = "$(TEST_HOST)";
				CODE_SIGN_STYLE = Automatic;
				DEVELOPMENT_TEAM = 3H85PPY5GT;
				INFOPLIST_FILE = loscodershermanosTests/Info.plist;
				LD_RUNPATH_SEARCH_PATHS = "$(inherited) @executable_path/Frameworks @loader_path/Frameworks";
				PRODUCT_BUNDLE_IDENTIFIER = LuigiScherillo.loscodershermanosTests;
				PRODUCT_NAME = "$(TARGET_NAME)";
				SWIFT_VERSION = 4.0;
				TARGETED_DEVICE_FAMILY = "1,2";
				TEST_HOST = "$(BUILT_PRODUCTS_DIR)/loscodershermanos.app/loscodershermanos";
			};
			name = Release;
		};
		99AF658A202DAE7900F49A3E /* Debug */ = {
			isa = XCBuildConfiguration;
			buildSettings = {
				ALWAYS_EMBED_SWIFT_STANDARD_LIBRARIES = YES;
				CODE_SIGN_STYLE = Automatic;
				DEVELOPMENT_TEAM = 3H85PPY5GT;
				INFOPLIST_FILE = loscodershermanosUITests/Info.plist;
				LD_RUNPATH_SEARCH_PATHS = "$(inherited) @executable_path/Frameworks @loader_path/Frameworks";
				PRODUCT_BUNDLE_IDENTIFIER = LuigiScherillo.loscodershermanosUITests;
				PRODUCT_NAME = "$(TARGET_NAME)";
				SWIFT_VERSION = 4.0;
				TARGETED_DEVICE_FAMILY = "1,2";
				TEST_TARGET_NAME = loscodershermanos;
			};
			name = Debug;
		};
		99AF658B202DAE7900F49A3E /* Release */ = {
			isa = XCBuildConfiguration;
			buildSettings = {
				ALWAYS_EMBED_SWIFT_STANDARD_LIBRARIES = YES;
				CODE_SIGN_STYLE = Automatic;
				DEVELOPMENT_TEAM = 3H85PPY5GT;
				INFOPLIST_FILE = loscodershermanosUITests/Info.plist;
				LD_RUNPATH_SEARCH_PATHS = "$(inherited) @executable_path/Frameworks @loader_path/Frameworks";
				PRODUCT_BUNDLE_IDENTIFIER = LuigiScherillo.loscodershermanosUITests;
				PRODUCT_NAME = "$(TARGET_NAME)";
				SWIFT_VERSION = 4.0;
				TARGETED_DEVICE_FAMILY = "1,2";
				TEST_TARGET_NAME = loscodershermanos;
			};
			name = Release;
		};
/* End XCBuildConfiguration section */

/* Begin XCConfigurationList section */
		99AF6553202DAE7900F49A3E /* Build configuration list for PBXProject "loscodershermanos" */ = {
			isa = XCConfigurationList;
			buildConfigurations = (
				99AF6581202DAE7900F49A3E /* Debug */,
				99AF6582202DAE7900F49A3E /* Release */,
			);
			defaultConfigurationIsVisible = 0;
			defaultConfigurationName = Release;
		};
		99AF6583202DAE7900F49A3E /* Build configuration list for PBXNativeTarget "loscodershermanos" */ = {
			isa = XCConfigurationList;
			buildConfigurations = (
				99AF6584202DAE7900F49A3E /* Debug */,
				99AF6585202DAE7900F49A3E /* Release */,
			);
			defaultConfigurationIsVisible = 0;
			defaultConfigurationName = Release;
		};
		99AF6586202DAE7900F49A3E /* Build configuration list for PBXNativeTarget "loscodershermanosTests" */ = {
			isa = XCConfigurationList;
			buildConfigurations = (
				99AF6587202DAE7900F49A3E /* Debug */,
				99AF6588202DAE7900F49A3E /* Release */,
			);
			defaultConfigurationIsVisible = 0;
			defaultConfigurationName = Release;
		};
		99AF6589202DAE7900F49A3E /* Build configuration list for PBXNativeTarget "loscodershermanosUITests" */ = {
			isa = XCConfigurationList;
			buildConfigurations = (
				99AF658A202DAE7900F49A3E /* Debug */,
				99AF658B202DAE7900F49A3E /* Release */,
			);
			defaultConfigurationIsVisible = 0;
			defaultConfigurationName = Release;
		};
/* End XCConfigurationList section */

/* Begin XCVersionGroup section */
		99AF6562202DAE7900F49A3E /* loscodershermanos.xcdatamodeld */ = {
			isa = XCVersionGroup;
			children = (
				99AF6563202DAE7900F49A3E /* loscodershermanos.xcdatamodel */,
			);
			currentVersion = 99AF6563202DAE7900F49A3E /* loscodershermanos.xcdatamodel */;
			path = loscodershermanos.xcdatamodeld;
			sourceTree = "<group>";
			versionGroupType = wrapper.xcdatamodel;
		};
/* End XCVersionGroup section */
	};
	rootObject = 99AF6550202DAE7900F49A3E /* Project object */;
}
